
Microsoft Visual Studio Solution File, Format Version 12.00
# Visual Studio Version 17
VisualStudioVersion = 17.1.32414.318
MinimumVisualStudioVersion = 10.0.40219.1
Project("{FAE04EC0-301F-11D3-BF4B-00C04F79EFBC}") = "WebApplication2", "WebApplication2\WebApplication2.csproj", "{A64A4634-5B72-452E-920E-0B6AAE4708CA}"
EndProject
Global
	GlobalSection(SolutionConfigurationPlatforms) = preSolution
		Debug|Any CPU = Debug|Any CPU
		Release|Any CPU = Release|Any CPU
	EndGlobalSection
	GlobalSection(ProjectConfigurationPlatforms) = postSolution
		{A64A4634-5B72-452E-920E-0B6AAE4708CA}.Debug|Any CPU.ActiveCfg = Debug|Any CPU
		{A64A4634-5B72-452E-920E-0B6AAE4708CA}.Debug|Any CPU.Build.0 = Debug|Any CPU
		{A64A4634-5B72-452E-920E-0B6AAE4708CA}.Release|Any CPU.ActiveCfg = Release|Any CPU
		{A64A4634-5B72-452E-920E-0B6AAE4708CA}.Release|Any CPU.Build.0 = Release|Any CPU
	EndGlobalSection
	GlobalSection(SolutionProperties) = preSolution
		HideSolutionNode = FALSE
	EndGlobalSection
	GlobalSection(ExtensibilityGlobals) = postSolution
		SolutionGuid = {8E96D053-CBC4-4DDC-9A20-2831B4862A63}
	EndGlobalSection
EndGlobal
